
Microsoft Visual Studio Solution File, Format Version 12.00
# Visual Studio Version 17
VisualStudioVersion = 17.0.31903.59
MinimumVisualStudioVersion = 10.0.40219.1
Project("{9A19103F-16F7-4668-BE54-9A1E7A4F7556}") = "API", "API\API.csproj", "{79F4942C-4FA3-4FD1-AC34-B560A34B2086}"
EndProject
Global
	GlobalSection(SolutionConfigurationPlatforms) = preSolution
		Debug|Any CPU = Debug|Any CPU
		Release|Any CPU = Release|Any CPU
	EndGlobalSection
	GlobalSection(ProjectConfigurationPlatforms) = postSolution
		{79F4942C-4FA3-4FD1-AC34-B560A34B2086}.Debug|Any CPU.ActiveCfg = Debug|Any CPU
		{79F4942C-4FA3-4FD1-AC34-B560A34B2086}.Debug|Any CPU.Build.0 = Debug|Any CPU
		{79F4942C-4FA3-4FD1-AC34-B560A34B2086}.Release|Any CPU.ActiveCfg = Release|Any CPU
		{79F4942C-4FA3-4FD1-AC34-B560A34B2086}.Release|Any CPU.Build.0 = Release|Any CPU
	EndGlobalSection
	GlobalSection(SolutionProperties) = preSolution
		HideSolutionNode = FALSE
	EndGlobalSection
	GlobalSection(ExtensibilityGlobals) = postSolution
		SolutionGuid = {83472B9C-02D5-4AE0-8DCF-727D2C87DAE2}
	EndGlobalSection
EndGlobal
